
Microsoft Visual Studio Solution File, Format Version 12.00
# Visual Studio 2012
Project("{FAE04EC0-301F-11D3-BF4B-00C04F79EFBC}") = "KinectSensor", "KinectSensor\KinectSensor.csproj", "{3EB56256-F22A-4CC3-8C5D-4B3E218E54A2}"
EndProject
Project("{FAE04EC0-301F-11D3-BF4B-00C04F79EFBC}") = "KinectSensor.Test", "KinectSensor.Test\KinectSensor.Test.csproj", "{54F602DA-F4DA-4761-9AE5-BEA40F76B5E6}"
EndProject
Project("{FAE04EC0-301F-11D3-BF4B-00C04F79EFBC}") = "KinectSensor.TestApp", "KinectSensor.TestApp\KinectSensor.TestApp.csproj", "{0A286CAC-A176-4C79-A09F-85A2A558141A}"
EndProject
Global
	GlobalSection(SolutionConfigurationPlatforms) = preSolution
		Debug|Any CPU = Debug|Any CPU
		Debug|Mixed Platforms = Debug|Mixed Platforms
		Debug|x64 = Debug|x64
		Release|Any CPU = Release|Any CPU
		Release|Mixed Platforms = Release|Mixed Platforms
		Release|x64 = Release|x64
	EndGlobalSection
	GlobalSection(ProjectConfigurationPlatforms) = postSolution
		{3EB56256-F22A-4CC3-8C5D-4B3E218E54A2}.Debug|Any CPU.ActiveCfg = Debug|Any CPU
		{3EB56256-F22A-4CC3-8C5D-4B3E218E54A2}.Debug|Any CPU.Build.0 = Debug|Any CPU
		{3EB56256-F22A-4CC3-8C5D-4B3E218E54A2}.Debug|Mixed Platforms.ActiveCfg = Debug|Any CPU
		{3EB56256-F22A-4CC3-8C5D-4B3E218E54A2}.Debug|Mixed Platforms.Build.0 = Debug|Any CPU
		{3EB56256-F22A-4CC3-8C5D-4B3E218E54A2}.Debug|x64.ActiveCfg = Debug|x64
		{3EB56256-F22A-4CC3-8C5D-4B3E218E54A2}.Debug|x64.Build.0 = Debug|x64
		{3EB56256-F22A-4CC3-8C5D-4B3E218E54A2}.Release|Any CPU.ActiveCfg = Release|Any CPU
		{3EB56256-F22A-4CC3-8C5D-4B3E218E54A2}.Release|Any CPU.Build.0 = Release|Any CPU
		{3EB56256-F22A-4CC3-8C5D-4B3E218E54A2}.Release|Mixed Platforms.ActiveCfg = Release|Any CPU
		{3EB56256-F22A-4CC3-8C5D-4B3E218E54A2}.Release|Mixed Platforms.Build.0 = Release|Any CPU
		{3EB56256-F22A-4CC3-8C5D-4B3E218E54A2}.Release|x64.ActiveCfg = Release|x64
		{3EB56256-F22A-4CC3-8C5D-4B3E218E54A2}.Release|x64.Build.0 = Release|x64
		{54F602DA-F4DA-4761-9AE5-BEA40F76B5E6}.Debug|Any CPU.ActiveCfg = Debug|Any CPU
		{54F602DA-F4DA-4761-9AE5-BEA40F76B5E6}.Debug|Any CPU.Build.0 = Debug|Any CPU
		{54F602DA-F4DA-4761-9AE5-BEA40F76B5E6}.Debug|Mixed Platforms.ActiveCfg = Debug|Any CPU
		{54F602DA-F4DA-4761-9AE5-BEA40F76B5E6}.Debug|Mixed Platforms.Build.0 = Debug|Any CPU
		{54F602DA-F4DA-4761-9AE5-BEA40F76B5E6}.Debug|x64.ActiveCfg = Debug|x64
		{54F602DA-F4DA-4761-9AE5-BEA40F76B5E6}.Debug|x64.Build.0 = Debug|x64
		{54F602DA-F4DA-4761-9AE5-BEA40F76B5E6}.Release|Any CPU.ActiveCfg = Release|Any CPU
		{54F602DA-F4DA-4761-9AE5-BEA40F76B5E6}.Release|Any CPU.Build.0 = Release|Any CPU
		{54F602DA-F4DA-4761-9AE5-BEA40F76B5E6}.Release|Mixed Platforms.ActiveCfg = Release|Any CPU
		{54F602DA-F4DA-4761-9AE5-BEA40F76B5E6}.Release|Mixed Platforms.Build.0 = Release|Any CPU
		{54F602DA-F4DA-4761-9AE5-BEA40F76B5E6}.Release|x64.ActiveCfg = Release|x64
		{54F602DA-F4DA-4761-9AE5-BEA40F76B5E6}.Release|x64.Build.0 = Release|x64
		{0A286CAC-A176-4C79-A09F-85A2A558141A}.Debug|Any CPU.ActiveCfg = Debug|Any CPU
		{0A286CAC-A176-4C79-A09F-85A2A558141A}.Debug|Any CPU.Build.0 = Debug|Any CPU
		{0A286CAC-A176-4C79-A09F-85A2A558141A}.Debug|Mixed Platforms.ActiveCfg = Debug|Any CPU
		{0A286CAC-A176-4C79-A09F-85A2A558141A}.Debug|Mixed Platforms.Build.0 = Debug|Any CPU
		{0A286CAC-A176-4C79-A09F-85A2A558141A}.Debug|x64.ActiveCfg = Debug|Any CPU
		{0A286CAC-A176-4C79-A09F-85A2A558141A}.Release|Any CPU.ActiveCfg = Release|Any CPU
		{0A286CAC-A176-4C79-A09F-85A2A558141A}.Release|Any CPU.Build.0 = Release|Any CPU
		{0A286CAC-A176-4C79-A09F-85A2A558141A}.Release|Mixed Platforms.ActiveCfg = Release|Any CPU
		{0A286CAC-A176-4C79-A09F-85A2A558141A}.Release|Mixed Platforms.Build.0 = Release|Any CPU
		{0A286CAC-A176-4C79-A09F-85A2A558141A}.Release|x64.ActiveCfg = Release|Any CPU
	EndGlobalSection
	GlobalSection(SolutionProperties) = preSolution
		HideSolutionNode = FALSE
	EndGlobalSection
EndGlobal
