
Microsoft Visual Studio Solution File, Format Version 12.00
# Visual Studio 2012
Project("{FAE04EC0-301F-11D3-BF4B-00C04F79EFBC}") = "KinectSensor", "KinectSensor\KinectSensor.csproj", "{3EB56256-F22A-4CC3-8C5D-4B3E218E54A2}"
EndProject
Project("{FAE04EC0-301F-11D3-BF4B-00C04F79EFBC}") = "KinectSensor.Test", "KinectSensor.Test\KinectSensor.Test.csproj", "{ADF93DCD-718C-4323-A116-162348A2F2CA}"
EndProject
Global
	GlobalSection(SolutionConfigurationPlatforms) = preSolution
		Debug|Any CPU = Debug|Any CPU
		Release|Any CPU = Release|Any CPU
	EndGlobalSection
	GlobalSection(ProjectConfigurationPlatforms) = postSolution
		{3EB56256-F22A-4CC3-8C5D-4B3E218E54A2}.Debug|Any CPU.ActiveCfg = Debug|Any CPU
		{3EB56256-F22A-4CC3-8C5D-4B3E218E54A2}.Debug|Any CPU.Build.0 = Debug|Any CPU
		{3EB56256-F22A-4CC3-8C5D-4B3E218E54A2}.Release|Any CPU.ActiveCfg = Release|Any CPU
		{3EB56256-F22A-4CC3-8C5D-4B3E218E54A2}.Release|Any CPU.Build.0 = Release|Any CPU
		{ADF93DCD-718C-4323-A116-162348A2F2CA}.Debug|Any CPU.ActiveCfg = Debug|Any CPU
		{ADF93DCD-718C-4323-A116-162348A2F2CA}.Debug|Any CPU.Build.0 = Debug|Any CPU
		{ADF93DCD-718C-4323-A116-162348A2F2CA}.Release|Any CPU.ActiveCfg = Release|Any CPU
		{ADF93DCD-718C-4323-A116-162348A2F2CA}.Release|Any CPU.Build.0 = Release|Any CPU
	EndGlobalSection
	GlobalSection(SolutionProperties) = preSolution
		HideSolutionNode = FALSE
	EndGlobalSection
EndGlobal
